
Microsoft Visual Studio Solution File, Format Version 12.00
# Visual Studio Version 17
VisualStudioVersion = 17.9.34728.123
MinimumVisualStudioVersion = 10.0.40219.1
Project("{FAE04EC0-301F-11D3-BF4B-00C04F79EFBC}") = "WebApp", "WebApp\WebApp.csproj", "{A015EE7F-336D-424A-8FD4-5FD300D06DCB}"
EndProject
Global
	GlobalSection(SolutionConfigurationPlatforms) = preSolution
		Debug|Any CPU = Debug|Any CPU
		Release|Any CPU = Release|Any CPU
	EndGlobalSection
	GlobalSection(ProjectConfigurationPlatforms) = postSolution
		{A015EE7F-336D-424A-8FD4-5FD300D06DCB}.Debug|Any CPU.ActiveCfg = Debug|Any CPU
		{A015EE7F-336D-424A-8FD4-5FD300D06DCB}.Debug|Any CPU.Build.0 = Debug|Any CPU
		{A015EE7F-336D-424A-8FD4-5FD300D06DCB}.Release|Any CPU.ActiveCfg = Release|Any CPU
		{A015EE7F-336D-424A-8FD4-5FD300D06DCB}.Release|Any CPU.Build.0 = Release|Any CPU
	EndGlobalSection
	GlobalSection(SolutionProperties) = preSolution
		HideSolutionNode = FALSE
	EndGlobalSection
	GlobalSection(ExtensibilityGlobals) = postSolution
		SolutionGuid = {DAAF66DC-169E-4132-BBA9-BD5807305E2C}
	EndGlobalSection
EndGlobal
